
Microsoft Visual Studio Solution File, Format Version 12.00
Project("{2150E333-8FDC-42A3-9474-1A3956D46DE8}") = "src", "src", "{827E0CD3-B72D-47B6-A68D-7590B98EB39B}"
EndProject
Project("{FAE04EC0-301F-11D3-BF4B-00C04F79EFBC}") = "MeuAcervo.API", "src\MeuAcervo.API\MeuAcervo.API.csproj", "{B9D472FD-DE62-4C9B-B013-0A3D5E4D45A0}"
EndProject
Project("{FAE04EC0-301F-11D3-BF4B-00C04F79EFBC}") = "MeuAcervo.Application", "src\MeuAcervo.Application\MeuAcervo.Application.csproj", "{81DB13D2-F93C-421D-B219-0235A0FF2D4B}"
EndProject
Project("{FAE04EC0-301F-11D3-BF4B-00C04F79EFBC}") = "MeuAcervo.Domain", "src\MeuAcervo.Domain\MeuAcervo.Domain.csproj", "{B0650FE5-2002-4C61-8770-6FA8C16B54E7}"
EndProject
Project("{FAE04EC0-301F-11D3-BF4B-00C04F79EFBC}") = "MeuAcervo.Infrastructure", "src\MeuAcervo.Infrastructure\MeuAcervo.Infrastructure.csproj", "{0DD710C7-8E3C-4940-A037-B9CFBA2AF780}"
EndProject
Project("{FAE04EC0-301F-11D3-BF4B-00C04F79EFBC}") = "MeuAcervo.Shared", "src\MeuAcervo.Shared\MeuAcervo.Shared.csproj", "{BAAC1142-55B9-4C82-ADE4-B131134AE8EE}"
EndProject
Global
	GlobalSection(SolutionConfigurationPlatforms) = preSolution
		Debug|Any CPU = Debug|Any CPU
		Debug|x64 = Debug|x64
		Debug|x86 = Debug|x86
		Release|Any CPU = Release|Any CPU
		Release|x64 = Release|x64
		Release|x86 = Release|x86
	EndGlobalSection
	GlobalSection(ProjectConfigurationPlatforms) = postSolution
		{B9D472FD-DE62-4C9B-B013-0A3D5E4D45A0}.Debug|Any CPU.ActiveCfg = Debug|Any CPU
		{B9D472FD-DE62-4C9B-B013-0A3D5E4D45A0}.Debug|Any CPU.Build.0 = Debug|Any CPU
		{B9D472FD-DE62-4C9B-B013-0A3D5E4D45A0}.Debug|x64.ActiveCfg = Debug|Any CPU
		{B9D472FD-DE62-4C9B-B013-0A3D5E4D45A0}.Debug|x64.Build.0 = Debug|Any CPU
		{B9D472FD-DE62-4C9B-B013-0A3D5E4D45A0}.Debug|x86.ActiveCfg = Debug|Any CPU
		{B9D472FD-DE62-4C9B-B013-0A3D5E4D45A0}.Debug|x86.Build.0 = Debug|Any CPU
		{B9D472FD-DE62-4C9B-B013-0A3D5E4D45A0}.Release|Any CPU.ActiveCfg = Release|Any CPU
		{B9D472FD-DE62-4C9B-B013-0A3D5E4D45A0}.Release|Any CPU.Build.0 = Release|Any CPU
		{B9D472FD-DE62-4C9B-B013-0A3D5E4D45A0}.Release|x64.ActiveCfg = Release|Any CPU
		{B9D472FD-DE62-4C9B-B013-0A3D5E4D45A0}.Release|x64.Build.0 = Release|Any CPU
		{B9D472FD-DE62-4C9B-B013-0A3D5E4D45A0}.Release|x86.ActiveCfg = Release|Any CPU
		{B9D472FD-DE62-4C9B-B013-0A3D5E4D45A0}.Release|x86.Build.0 = Release|Any CPU
		{81DB13D2-F93C-421D-B219-0235A0FF2D4B}.Debug|Any CPU.ActiveCfg = Debug|Any CPU
		{81DB13D2-F93C-421D-B219-0235A0FF2D4B}.Debug|Any CPU.Build.0 = Debug|Any CPU
		{81DB13D2-F93C-421D-B219-0235A0FF2D4B}.Debug|x64.ActiveCfg = Debug|Any CPU
		{81DB13D2-F93C-421D-B219-0235A0FF2D4B}.Debug|x64.Build.0 = Debug|Any CPU
		{81DB13D2-F93C-421D-B219-0235A0FF2D4B}.Debug|x86.ActiveCfg = Debug|Any CPU
		{81DB13D2-F93C-421D-B219-0235A0FF2D4B}.Debug|x86.Build.0 = Debug|Any CPU
		{81DB13D2-F93C-421D-B219-0235A0FF2D4B}.Release|Any CPU.ActiveCfg = Release|Any CPU
		{81DB13D2-F93C-421D-B219-0235A0FF2D4B}.Release|Any CPU.Build.0 = Release|Any CPU
		{81DB13D2-F93C-421D-B219-0235A0FF2D4B}.Release|x64.ActiveCfg = Release|Any CPU
		{81DB13D2-F93C-421D-B219-0235A0FF2D4B}.Release|x64.Build.0 = Release|Any CPU
		{81DB13D2-F93C-421D-B219-0235A0FF2D4B}.Release|x86.ActiveCfg = Release|Any CPU
		{81DB13D2-F93C-421D-B219-0235A0FF2D4B}.Release|x86.Build.0 = Release|Any CPU
		{B0650FE5-2002-4C61-8770-6FA8C16B54E7}.Debug|Any CPU.ActiveCfg = Debug|Any CPU
		{B0650FE5-2002-4C61-8770-6FA8C16B54E7}.Debug|Any CPU.Build.0 = Debug|Any CPU
		{B0650FE5-2002-4C61-8770-6FA8C16B54E7}.Debug|x64.ActiveCfg = Debug|Any CPU
		{B0650FE5-2002-4C61-8770-6FA8C16B54E7}.Debug|x64.Build.0 = Debug|Any CPU
		{B0650FE5-2002-4C61-8770-6FA8C16B54E7}.Debug|x86.ActiveCfg = Debug|Any CPU
		{B0650FE5-2002-4C61-8770-6FA8C16B54E7}.Debug|x86.Build.0 = Debug|Any CPU
		{B0650FE5-2002-4C61-8770-6FA8C16B54E7}.Release|Any CPU.ActiveCfg = Release|Any CPU
		{B0650FE5-2002-4C61-8770-6FA8C16B54E7}.Release|Any CPU.Build.0 = Release|Any CPU
		{B0650FE5-2002-4C61-8770-6FA8C16B54E7}.Release|x64.ActiveCfg = Release|Any CPU
		{B0650FE5-2002-4C61-8770-6FA8C16B54E7}.Release|x64.Build.0 = Release|Any CPU
		{B0650FE5-2002-4C61-8770-6FA8C16B54E7}.Release|x86.ActiveCfg = Release|Any CPU
		{B0650FE5-2002-4C61-8770-6FA8C16B54E7}.Release|x86.Build.0 = Release|Any CPU
		{0DD710C7-8E3C-4940-A037-B9CFBA2AF780}.Debug|Any CPU.ActiveCfg = Debug|Any CPU
		{0DD710C7-8E3C-4940-A037-B9CFBA2AF780}.Debug|Any CPU.Build.0 = Debug|Any CPU
		{0DD710C7-8E3C-4940-A037-B9CFBA2AF780}.Debug|x64.ActiveCfg = Debug|Any CPU
		{0DD710C7-8E3C-4940-A037-B9CFBA2AF780}.Debug|x64.Build.0 = Debug|Any CPU
		{0DD710C7-8E3C-4940-A037-B9CFBA2AF780}.Debug|x86.ActiveCfg = Debug|Any CPU
		{0DD710C7-8E3C-4940-A037-B9CFBA2AF780}.Debug|x86.Build.0 = Debug|Any CPU
		{0DD710C7-8E3C-4940-A037-B9CFBA2AF780}.Release|Any CPU.ActiveCfg = Release|Any CPU
		{0DD710C7-8E3C-4940-A037-B9CFBA2AF780}.Release|Any CPU.Build.0 = Release|Any CPU
		{0DD710C7-8E3C-4940-A037-B9CFBA2AF780}.Release|x64.ActiveCfg = Release|Any CPU
		{0DD710C7-8E3C-4940-A037-B9CFBA2AF780}.Release|x64.Build.0 = Release|Any CPU
		{0DD710C7-8E3C-4940-A037-B9CFBA2AF780}.Release|x86.ActiveCfg = Release|Any CPU
		{0DD710C7-8E3C-4940-A037-B9CFBA2AF780}.Release|x86.Build.0 = Release|Any CPU
		{BAAC1142-55B9-4C82-ADE4-B131134AE8EE}.Debug|Any CPU.ActiveCfg = Debug|Any CPU
		{BAAC1142-55B9-4C82-ADE4-B131134AE8EE}.Debug|Any CPU.Build.0 = Debug|Any CPU
		{BAAC1142-55B9-4C82-ADE4-B131134AE8EE}.Debug|x64.ActiveCfg = Debug|Any CPU
		{BAAC1142-55B9-4C82-ADE4-B131134AE8EE}.Debug|x64.Build.0 = Debug|Any CPU
		{BAAC1142-55B9-4C82-ADE4-B131134AE8EE}.Debug|x86.ActiveCfg = Debug|Any CPU
		{BAAC1142-55B9-4C82-ADE4-B131134AE8EE}.Debug|x86.Build.0 = Debug|Any CPU
		{BAAC1142-55B9-4C82-ADE4-B131134AE8EE}.Release|Any CPU.ActiveCfg = Release|Any CPU
		{BAAC1142-55B9-4C82-ADE4-B131134AE8EE}.Release|Any CPU.Build.0 = Release|Any CPU
		{BAAC1142-55B9-4C82-ADE4-B131134AE8EE}.Release|x64.ActiveCfg = Release|Any CPU
		{BAAC1142-55B9-4C82-ADE4-B131134AE8EE}.Release|x64.Build.0 = Release|Any CPU
		{BAAC1142-55B9-4C82-ADE4-B131134AE8EE}.Release|x86.ActiveCfg = Release|Any CPU
		{BAAC1142-55B9-4C82-ADE4-B131134AE8EE}.Release|x86.Build.0 = Release|Any CPU
	EndGlobalSection
	GlobalSection(SolutionProperties) = preSolution
		HideSolutionNode = FALSE
	EndGlobalSection
	GlobalSection(NestedProjects) = preSolution
		{B9D472FD-DE62-4C9B-B013-0A3D5E4D45A0} = {827E0CD3-B72D-47B6-A68D-7590B98EB39B}
		{81DB13D2-F93C-421D-B219-0235A0FF2D4B} = {827E0CD3-B72D-47B6-A68D-7590B98EB39B}
		{B0650FE5-2002-4C61-8770-6FA8C16B54E7} = {827E0CD3-B72D-47B6-A68D-7590B98EB39B}
		{0DD710C7-8E3C-4940-A037-B9CFBA2AF780} = {827E0CD3-B72D-47B6-A68D-7590B98EB39B}
		{BAAC1142-55B9-4C82-ADE4-B131134AE8EE} = {827E0CD3-B72D-47B6-A68D-7590B98EB39B}
	EndGlobalSection
EndGlobal
